github.com/ncor/gl-em1 v0.0.1 h1:p+n1y2Sdih/49+OnHoETezf9lBWifPL/njmpPhyTRKY=
github.com/ncor/gl-em1 v0.0.1/go.mod h1:+c/M36T12xBGteGBns1NYwc+7X9ADS3v1FO6BiHO4Tk=
github.com/ncor/gl-em1 v0.0.2 h1:gt0710W4HgvVHR/5uNhpv+lhq/UMy+x87e9irHfukmA=
github.com/ncor/gl-em1 v0.0.2/go.mod h1:+c/M36T12xBGteGBns1NYwc+7X9ADS3v1FO6BiHO4Tk=
